
Microsoft Visual Studio Solution File, Format Version 12.00
# Visual Studio Version 17
VisualStudioVersion = 17.10.34928.147
MinimumVisualStudioVersion = 10.0.40219.1
Project("{FAE04EC0-301F-11D3-BF4B-00C04F79EFBC}") = "generic-linked-list", "generic-linked-list\generic-linked-list.csproj", "{135BBE18-B9EB-4B9C-88C4-177BD3D127D8}"
EndProject
Global
	GlobalSection(SolutionConfigurationPlatforms) = preSolution
		Debug|Any CPU = Debug|Any CPU
		Release|Any CPU = Release|Any CPU
	EndGlobalSection
	GlobalSection(ProjectConfigurationPlatforms) = postSolution
		{135BBE18-B9EB-4B9C-88C4-177BD3D127D8}.Debug|Any CPU.ActiveCfg = Debug|Any CPU
		{135BBE18-B9EB-4B9C-88C4-177BD3D127D8}.Debug|Any CPU.Build.0 = Debug|Any CPU
		{135BBE18-B9EB-4B9C-88C4-177BD3D127D8}.Release|Any CPU.ActiveCfg = Release|Any CPU
		{135BBE18-B9EB-4B9C-88C4-177BD3D127D8}.Release|Any CPU.Build.0 = Release|Any CPU
	EndGlobalSection
	GlobalSection(SolutionProperties) = preSolution
		HideSolutionNode = FALSE
	EndGlobalSection
	GlobalSection(ExtensibilityGlobals) = postSolution
		SolutionGuid = {875C6F05-687E-45F2-90C4-F885CC46A393}
	EndGlobalSection
EndGlobal
